# This file is generated by running "yarn install" inside your project.
# Manual changes might be lost - proceed with caution!

__metadata:
  version: 6
  cacheKey: 8

"@types/crypto-js@npm:^4":
  version: 4.1.1
  resolution: "@types/crypto-js@npm:4.1.1"
  checksum: ea3d6a67b69f88baeb6af96004395903d2367a41bd5cd86306da23a44dd96589749495da50974a9b01bb5163c500764c8a33706831eade036bddae016417e3ea
  languageName: node
  linkType: hard

"@types/lodash-es@npm:^4":
  version: 4.17.7
  resolution: "@types/lodash-es@npm:4.17.7"
  dependencies:
    "@types/lodash": "*"
  checksum: 4b1f39fd1d921311c37a846c0e0df9d1fa23e27448a6ad1efd7574e703abd2b2fa5e8f3b5037146000f167ba231d0d01e52747d902654151b4ceeff9f2a9b380
  languageName: node
  linkType: hard

"@types/lodash@npm:*":
  version: 4.14.192
  resolution: "@types/lodash@npm:4.14.192"
  checksum: 31e1f0543a04158d2c429c45efd7c77882736630d0652f82eb337d6159ec0c249c5d175c0af731537b53271e665ff8d76f43221d75d03646d31cb4bd6f0056b1
  languageName: node
  linkType: hard

"crypto-js@npm:^4.1.1":
  version: 4.1.1
  resolution: "crypto-js@npm:4.1.1"
  checksum: b3747c12ee3a7632fab3b3e171ea50f78b182545f0714f6d3e7e2858385f0f4101a15f2517e033802ce9d12ba50a391575ff4638c9de3dd9b2c4bc47768d5425
  languageName: node
  linkType: hard

"lodash-es@npm:^4.17.21":
  version: 4.17.21
  resolution: "lodash-es@npm:4.17.21"
  checksum: 05cbffad6e2adbb331a4e16fbd826e7faee403a1a04873b82b42c0f22090f280839f85b95393f487c1303c8a3d2a010048bf06151a6cbe03eee4d388fb0a12d2
  languageName: node
  linkType: hard

"prettier@npm:^2.8.7":
  version: 2.8.7
  resolution: "prettier@npm:2.8.7"
  bin:
    prettier: bin-prettier.js
  checksum: fdc8f2616f099f5f0d685907f4449a70595a0fc1d081a88919604375989e0d5e9168d6121d8cc6861f21990b31665828e00472544d785d5940ea08a17660c3a6
  languageName: node
  linkType: hard

"root-workspace-0b6124@workspace:.":
  version: 0.0.0-use.local
  resolution: "root-workspace-0b6124@workspace:."
  dependencies:
    "@types/crypto-js": ^4
    "@types/lodash-es": ^4
    crypto-js: ^4.1.1
    lodash-es: ^4.17.21
    prettier: ^2.8.7
    typescript: ^5.0.2
  languageName: unknown
  linkType: soft

"typescript@npm:^5.0.2":
  version: 5.0.2
  resolution: "typescript@npm:5.0.2"
  bin:
    tsc: bin/tsc
    tsserver: bin/tsserver
  checksum: bef1dcd166acfc6934b2ec4d72f93edb8961a5fab36b8dd2aaf6f4f4cd5c0210f2e0850aef4724f3b4913d5aef203a94a28ded731b370880c8bcff7e4ff91fc1
  languageName: node
  linkType: hard

"typescript@patch:typescript@^5.0.2#~builtin<compat/typescript>":
  version: 5.0.2
  resolution: "typescript@patch:typescript@npm%3A5.0.2#~builtin<compat/typescript>::version=5.0.2&hash=85af82"
  bin:
    tsc: bin/tsc
    tsserver: bin/tsserver
  checksum: b63cb742fbb9aeb3085e002ad8f10d5fd963606aa4d6b3b65b4e76c396ff09739f03b5dbae08e1698c3bce9d5619d3f67aeb7ee470ed4016bd345b3cfe37b54a
  languageName: node
  linkType: hard
